
Microsoft Visual Studio Solution File, Format Version 12.00
# Visual Studio Version 16
VisualStudioVersion = 16.0.29215.179
MinimumVisualStudioVersion = 10.0.40219.1
Project("{FAE04EC0-301F-11D3-BF4B-00C04F79EFBC}") = "Assignment_2_Group_15", "Assignment_2_Group_15\Assignment_2_Group_15.csproj", "{892C0D32-6404-48FF-AB78-AA85B7D43860}"
EndProject
Global
	GlobalSection(SolutionConfigurationPlatforms) = preSolution
		Debug|Any CPU = Debug|Any CPU
		Release|Any CPU = Release|Any CPU
	EndGlobalSection
	GlobalSection(ProjectConfigurationPlatforms) = postSolution
		{892C0D32-6404-48FF-AB78-AA85B7D43860}.Debug|Any CPU.ActiveCfg = Debug|Any CPU
		{892C0D32-6404-48FF-AB78-AA85B7D43860}.Debug|Any CPU.Build.0 = Debug|Any CPU
		{892C0D32-6404-48FF-AB78-AA85B7D43860}.Release|Any CPU.ActiveCfg = Release|Any CPU
		{892C0D32-6404-48FF-AB78-AA85B7D43860}.Release|Any CPU.Build.0 = Release|Any CPU
	EndGlobalSection
	GlobalSection(SolutionProperties) = preSolution
		HideSolutionNode = FALSE
	EndGlobalSection
	GlobalSection(ExtensibilityGlobals) = postSolution
		SolutionGuid = {8D642BBF-B849-459B-8182-11E7FEA2CCB7}
	EndGlobalSection
EndGlobal
